
Microsoft Visual Studio Solution File, Format Version 12.00
# Visual Studio Version 17
VisualStudioVersion = 17.4.33110.190
MinimumVisualStudioVersion = 10.0.40219.1
Project("{FAE04EC0-301F-11D3-BF4B-00C04F79EFBC}") = "Keylogger++", "Keylogger++.csproj", "{35DE4D6D-2B67-4BAD-9846-38DD48AB2398}"
EndProject
Project("{FAE04EC0-301F-11D3-BF4B-00C04F79EFBC}") = "Interpreter", "..\Interpreter\Interpreter.csproj", "{68B75468-CE9F-4A28-BA78-48EB3E2E8A66}"
EndProject
Project("{FAE04EC0-301F-11D3-BF4B-00C04F79EFBC}") = "InputListener", "..\InputListener\InputListener.csproj", "{BC89BC5B-CFFE-4B0D-8262-56CAA8E975AD}"
EndProject
Project("{FAE04EC0-301F-11D3-BF4B-00C04F79EFBC}") = "Recorder", "..\Recorder\Recorder.csproj", "{21A8BA92-A6AA-4F60-9CC4-C64EDACC6750}"
EndProject
Project("{FAE04EC0-301F-11D3-BF4B-00C04F79EFBC}") = "IntermediaryFacade", "..\Logface\IntermediaryFacade.csproj", "{A34C6A27-D758-4DE5-A993-6E977F8C97CB}"
EndProject
Project("{FAE04EC0-301F-11D3-BF4B-00C04F79EFBC}") = "KeyloggerUnitTests", "..\KeyloggerUnitTests\KeyloggerUnitTests.csproj", "{18138961-D03E-4906-A0A5-EDBD587C2018}"
EndProject
Project("{FAE04EC0-301F-11D3-BF4B-00C04F79EFBC}") = "TestProj", "..\TestProj\TestProj.csproj", "{043E46EF-1D53-41A4-9578-429C6F9282C4}"
EndProject
Global
	GlobalSection(SolutionConfigurationPlatforms) = preSolution
		Debug|Any CPU = Debug|Any CPU
		Release|Any CPU = Release|Any CPU
	EndGlobalSection
	GlobalSection(ProjectConfigurationPlatforms) = postSolution
		{35DE4D6D-2B67-4BAD-9846-38DD48AB2398}.Debug|Any CPU.ActiveCfg = Debug|Any CPU
		{35DE4D6D-2B67-4BAD-9846-38DD48AB2398}.Debug|Any CPU.Build.0 = Debug|Any CPU
		{35DE4D6D-2B67-4BAD-9846-38DD48AB2398}.Release|Any CPU.ActiveCfg = Release|Any CPU
		{35DE4D6D-2B67-4BAD-9846-38DD48AB2398}.Release|Any CPU.Build.0 = Release|Any CPU
		{68B75468-CE9F-4A28-BA78-48EB3E2E8A66}.Debug|Any CPU.ActiveCfg = Debug|Any CPU
		{68B75468-CE9F-4A28-BA78-48EB3E2E8A66}.Debug|Any CPU.Build.0 = Debug|Any CPU
		{68B75468-CE9F-4A28-BA78-48EB3E2E8A66}.Release|Any CPU.ActiveCfg = Release|Any CPU
		{68B75468-CE9F-4A28-BA78-48EB3E2E8A66}.Release|Any CPU.Build.0 = Release|Any CPU
		{BC89BC5B-CFFE-4B0D-8262-56CAA8E975AD}.Debug|Any CPU.ActiveCfg = Debug|Any CPU
		{BC89BC5B-CFFE-4B0D-8262-56CAA8E975AD}.Debug|Any CPU.Build.0 = Debug|Any CPU
		{BC89BC5B-CFFE-4B0D-8262-56CAA8E975AD}.Release|Any CPU.ActiveCfg = Release|Any CPU
		{BC89BC5B-CFFE-4B0D-8262-56CAA8E975AD}.Release|Any CPU.Build.0 = Release|Any CPU
		{21A8BA92-A6AA-4F60-9CC4-C64EDACC6750}.Debug|Any CPU.ActiveCfg = Debug|Any CPU
		{21A8BA92-A6AA-4F60-9CC4-C64EDACC6750}.Debug|Any CPU.Build.0 = Debug|Any CPU
		{21A8BA92-A6AA-4F60-9CC4-C64EDACC6750}.Release|Any CPU.ActiveCfg = Release|Any CPU
		{21A8BA92-A6AA-4F60-9CC4-C64EDACC6750}.Release|Any CPU.Build.0 = Release|Any CPU
		{A34C6A27-D758-4DE5-A993-6E977F8C97CB}.Debug|Any CPU.ActiveCfg = Debug|Any CPU
		{A34C6A27-D758-4DE5-A993-6E977F8C97CB}.Debug|Any CPU.Build.0 = Debug|Any CPU
		{A34C6A27-D758-4DE5-A993-6E977F8C97CB}.Release|Any CPU.ActiveCfg = Release|Any CPU
		{A34C6A27-D758-4DE5-A993-6E977F8C97CB}.Release|Any CPU.Build.0 = Release|Any CPU
		{18138961-D03E-4906-A0A5-EDBD587C2018}.Debug|Any CPU.ActiveCfg = Debug|Any CPU
		{18138961-D03E-4906-A0A5-EDBD587C2018}.Debug|Any CPU.Build.0 = Debug|Any CPU
		{18138961-D03E-4906-A0A5-EDBD587C2018}.Release|Any CPU.ActiveCfg = Release|Any CPU
		{18138961-D03E-4906-A0A5-EDBD587C2018}.Release|Any CPU.Build.0 = Release|Any CPU
		{043E46EF-1D53-41A4-9578-429C6F9282C4}.Debug|Any CPU.ActiveCfg = Debug|Any CPU
		{043E46EF-1D53-41A4-9578-429C6F9282C4}.Debug|Any CPU.Build.0 = Debug|Any CPU
		{043E46EF-1D53-41A4-9578-429C6F9282C4}.Release|Any CPU.ActiveCfg = Release|Any CPU
		{043E46EF-1D53-41A4-9578-429C6F9282C4}.Release|Any CPU.Build.0 = Release|Any CPU
	EndGlobalSection
	GlobalSection(SolutionProperties) = preSolution
		HideSolutionNode = FALSE
	EndGlobalSection
	GlobalSection(ExtensibilityGlobals) = postSolution
		SolutionGuid = {41892748-01F7-4C64-875E-E100DAB660E5}
	EndGlobalSection
EndGlobal
